// !$*UTF8*$!
{
	archiveVersion = 1;
	classes = {
	};
	objectVersion = 56;
	objects = {

/* Begin PBXBuildFile section */
		5C4F3C8C29B8521E00A219AF /* AppDelegate.swift in Sources */ = {isa = PBXBuildFile; fileRef = 5C4F3C8B29B8521E00A219AF /* AppDelegate.swift */; };
		5C4F3C8E29B8521E00A219AF /* SceneDelegate.swift in Sources */ = {isa = PBXBuildFile; fileRef = 5C4F3C8D29B8521E00A219AF /* SceneDelegate.swift */; };
		5C4F3C9029B8521E00A219AF /* SplashViewController.swift in Sources */ = {isa = PBXBuildFile; fileRef = 5C4F3C8F29B8521E00A219AF /* SplashViewController.swift */; };
		5C4F3C9329B8521E00A219AF /* Main.storyboard in Resources */ = {isa = PBXBuildFile; fileRef = 5C4F3C9129B8521E00A219AF /* Main.storyboard */; };
		5C4F3C9529B8521F00A219AF /* Assets.xcassets in Resources */ = {isa = PBXBuildFile; fileRef = 5C4F3C9429B8521F00A219AF /* Assets.xcassets */; };
		5C4F3CA229B96B2200A219AF /* splash-image.json in Resources */ = {isa = PBXBuildFile; fileRef = 5C4F3CA129B96B2200A219AF /* splash-image.json */; };
		5C4F3CA829B99B4900A219AF /* LaunchScreen.storyboard in Resources */ = {isa = PBXBuildFile; fileRef = 5C4F3CA729B99B4900A219AF /* LaunchScreen.storyboard */; };
		5C4F3CAA29BAD6FE00A219AF /* MainViewController.swift in Sources */ = {isa = PBXBuildFile; fileRef = 5C4F3CA929BAD6FE00A219AF /* MainViewController.swift */; };
		5C64364129C434260008C56F /* SearchViewController.swift in Sources */ = {isa = PBXBuildFile; fileRef = 5C64364029C434260008C56F /* SearchViewController.swift */; };
		5CD268B929D33BB8009063FE /* Pods_PathFinder.framework in Frameworks */ = {isa = PBXBuildFile; fileRef = 5CD268B829D33BB8009063FE /* Pods_PathFinder.framework */; };
		5CD268BB29D33C74009063FE /* ViewTest.swift in Sources */ = {isa = PBXBuildFile; fileRef = 5CD268BA29D33C74009063FE /* ViewTest.swift */; };
		5CD268BF29D3C568009063FE /* LocationTest.swift in Sources */ = {isa = PBXBuildFile; fileRef = 5CD268BE29D3C568009063FE /* LocationTest.swift */; };
		5CD268C129D3CCA5009063FE /* TableViewDataSourceTests.swift in Sources */ = {isa = PBXBuildFile; fileRef = 5CD268C029D3CCA5009063FE /* TableViewDataSourceTests.swift */; };
		5CD268C529D3D9CB009063FE /* SearchResultCell.xib in Resources */ = {isa = PBXBuildFile; fileRef = 5CD268C429D3D9CB009063FE /* SearchResultCell.xib */; };
		5CD268C729D42383009063FE /* SearchResultCell.swift in Sources */ = {isa = PBXBuildFile; fileRef = 5CD268C629D42383009063FE /* SearchResultCell.swift */; };
		5CD268CD29D45D48009063FE /* TMapAPITests.swift in Sources */ = {isa = PBXBuildFile; fileRef = 5CD268CC29D45D48009063FE /* TMapAPITests.swift */; };
		5CD3551D29C1514400419724 /* ViewSetting.swift in Sources */ = {isa = PBXBuildFile; fileRef = 5CD3551C29C1514400419724 /* ViewSetting.swift */; };
		5CEA287A29D26EF0001C7ACF /* SearchResult.swift in Sources */ = {isa = PBXBuildFile; fileRef = 5CEA287929D26EF0001C7ACF /* SearchResult.swift */; };
		5CEA287C29D2796C001C7ACF /* TMapAPI.swift in Sources */ = {isa = PBXBuildFile; fileRef = 5CEA287B29D2796C001C7ACF /* TMapAPI.swift */; };
		5CEA287F29D27B51001C7ACF /* Alamofire in Frameworks */ = {isa = PBXBuildFile; productRef = 5CEA287E29D27B51001C7ACF /* Alamofire */; };
		5CEA288D29D33AA0001C7ACF /* PathFinderTests.swift in Sources */ = {isa = PBXBuildFile; fileRef = 5CEA288C29D33AA0001C7ACF /* PathFinderTests.swift */; };
/* End PBXBuildFile section */

/* Begin PBXContainerItemProxy section */
		5CEA288E29D33AA0001C7ACF /* PBXContainerItemProxy */ = {
			isa = PBXContainerItemProxy;
			containerPortal = 5C4F3C8029B8521E00A219AF /* Project object */;
			proxyType = 1;
			remoteGlobalIDString = 5C4F3C8729B8521E00A219AF;
			remoteInfo = PathFinder;
		};
/* End PBXContainerItemProxy section */

/* Begin PBXCopyFilesBuildPhase section */
		5CD3551329C0391100419724 /* Embed Frameworks */ = {
			isa = PBXCopyFilesBuildPhase;
			buildActionMask = 2147483647;
			dstPath = "";
			dstSubfolderSpec = 10;
			files = (
			);
			name = "Embed Frameworks";
			runOnlyForDeploymentPostprocessing = 0;
		};
/* End PBXCopyFilesBuildPhase section */

/* Begin PBXFileReference section */
		0CCB4AA460E8C9A9E0CBEFDD /* Pods-PathFinder.debug.xcconfig */ = {isa = PBXFileReference; includeInIndex = 1; lastKnownFileType = text.xcconfig; name = "Pods-PathFinder.debug.xcconfig"; path = "Target Support Files/Pods-PathFinder/Pods-PathFinder.debug.xcconfig"; sourceTree = "<group>"; };
		2D98993B984441149F650E81 /* Pods-PathFinder.release.xcconfig */ = {isa = PBXFileReference; includeInIndex = 1; lastKnownFileType = text.xcconfig; name = "Pods-PathFinder.release.xcconfig"; path = "Target Support Files/Pods-PathFinder/Pods-PathFinder.release.xcconfig"; sourceTree = "<group>"; };
		5C4F3C8829B8521E00A219AF /* PathFinder.app */ = {isa = PBXFileReference; explicitFileType = wrapper.application; includeInIndex = 0; path = PathFinder.app; sourceTree = BUILT_PRODUCTS_DIR; };
		5C4F3C8B29B8521E00A219AF /* AppDelegate.swift */ = {isa = PBXFileReference; lastKnownFileType = sourcecode.swift; path = AppDelegate.swift; sourceTree = "<group>"; };
		5C4F3C8D29B8521E00A219AF /* SceneDelegate.swift */ = {isa = PBXFileReference; lastKnownFileType = sourcecode.swift; path = SceneDelegate.swift; sourceTree = "<group>"; };
		5C4F3C8F29B8521E00A219AF /* SplashViewController.swift */ = {isa = PBXFileReference; lastKnownFileType = sourcecode.swift; path = SplashViewController.swift; sourceTree = "<group>"; };
		5C4F3C9229B8521E00A219AF /* Base */ = {isa = PBXFileReference; lastKnownFileType = file.storyboard; name = Base; path = Base.lproj/Main.storyboard; sourceTree = "<group>"; };
		5C4F3C9429B8521F00A219AF /* Assets.xcassets */ = {isa = PBXFileReference; lastKnownFileType = folder.assetcatalog; path = Assets.xcassets; sourceTree = "<group>"; };
		5C4F3C9929B8521F00A219AF /* Info.plist */ = {isa = PBXFileReference; lastKnownFileType = text.plist.xml; path = Info.plist; sourceTree = "<group>"; };
		5C4F3CA129B96B2200A219AF /* splash-image.json */ = {isa = PBXFileReference; fileEncoding = 4; lastKnownFileType = text.json; path = "splash-image.json"; sourceTree = "<group>"; };
		5C4F3CA729B99B4900A219AF /* LaunchScreen.storyboard */ = {isa = PBXFileReference; lastKnownFileType = file.storyboard; path = LaunchScreen.storyboard; sourceTree = "<group>"; };
		5C4F3CA929BAD6FE00A219AF /* MainViewController.swift */ = {isa = PBXFileReference; lastKnownFileType = sourcecode.swift; path = MainViewController.swift; sourceTree = "<group>"; };
		5C64364029C434260008C56F /* SearchViewController.swift */ = {isa = PBXFileReference; lastKnownFileType = sourcecode.swift; path = SearchViewController.swift; sourceTree = "<group>"; };
		5CD268B829D33BB8009063FE /* Pods_PathFinder.framework */ = {isa = PBXFileReference; explicitFileType = wrapper.framework; path = Pods_PathFinder.framework; sourceTree = BUILT_PRODUCTS_DIR; };
		5CD268BA29D33C74009063FE /* ViewTest.swift */ = {isa = PBXFileReference; lastKnownFileType = sourcecode.swift; path = ViewTest.swift; sourceTree = "<group>"; };
		5CD268BE29D3C568009063FE /* LocationTest.swift */ = {isa = PBXFileReference; lastKnownFileType = sourcecode.swift; path = LocationTest.swift; sourceTree = "<group>"; };
		5CD268C029D3CCA5009063FE /* TableViewDataSourceTests.swift */ = {isa = PBXFileReference; lastKnownFileType = sourcecode.swift; path = TableViewDataSourceTests.swift; sourceTree = "<group>"; };
		5CD268C429D3D9CB009063FE /* SearchResultCell.xib */ = {isa = PBXFileReference; lastKnownFileType = file.xib; path = SearchResultCell.xib; sourceTree = "<group>"; };
		5CD268C629D42383009063FE /* SearchResultCell.swift */ = {isa = PBXFileReference; lastKnownFileType = sourcecode.swift; path = SearchResultCell.swift; sourceTree = "<group>"; };
		5CD268CC29D45D48009063FE /* TMapAPITests.swift */ = {isa = PBXFileReference; lastKnownFileType = sourcecode.swift; path = TMapAPITests.swift; sourceTree = SOURCE_ROOT; };
		5CD3551C29C1514400419724 /* ViewSetting.swift */ = {isa = PBXFileReference; lastKnownFileType = sourcecode.swift; path = ViewSetting.swift; sourceTree = "<group>"; };
		5CEA287929D26EF0001C7ACF /* SearchResult.swift */ = {isa = PBXFileReference; lastKnownFileType = sourcecode.swift; path = SearchResult.swift; sourceTree = "<group>"; };
		5CEA287B29D2796C001C7ACF /* TMapAPI.swift */ = {isa = PBXFileReference; lastKnownFileType = sourcecode.swift; path = TMapAPI.swift; sourceTree = "<group>"; };
		5CEA288A29D33AA0001C7ACF /* PathFinderTests.xctest */ = {isa = PBXFileReference; explicitFileType = wrapper.cfbundle; includeInIndex = 0; path = PathFinderTests.xctest; sourceTree = BUILT_PRODUCTS_DIR; };
		5CEA288C29D33AA0001C7ACF /* PathFinderTests.swift */ = {isa = PBXFileReference; lastKnownFileType = sourcecode.swift; path = PathFinderTests.swift; sourceTree = "<group>"; };
/* End PBXFileReference section */

/* Begin PBXFrameworksBuildPhase section */
		5C4F3C8529B8521E00A219AF /* Frameworks */ = {
			isa = PBXFrameworksBuildPhase;
			buildActionMask = 2147483647;
			files = (
				5CD268B929D33BB8009063FE /* Pods_PathFinder.framework in Frameworks */,
				5CEA287F29D27B51001C7ACF /* Alamofire in Frameworks */,
			);
			runOnlyForDeploymentPostprocessing = 0;
		};
		5CEA288729D33AA0001C7ACF /* Frameworks */ = {
			isa = PBXFrameworksBuildPhase;
			buildActionMask = 2147483647;
			files = (
			);
			runOnlyForDeploymentPostprocessing = 0;
		};
/* End PBXFrameworksBuildPhase section */

/* Begin PBXGroup section */
		5C4F3C7F29B8521E00A219AF = {
			isa = PBXGroup;
			children = (
				5CD268C029D3CCA5009063FE /* TableViewDataSourceTests.swift */,
				5CD268BE29D3C568009063FE /* LocationTest.swift */,
				5CD268BA29D33C74009063FE /* ViewTest.swift */,
				5C4F3CA029B8523600A219AF /* Tests */,
				5C4F3C9F29B8522F00A219AF /* Resources */,
				5C4F3C8A29B8521E00A219AF /* Sources */,
				5CEA288B29D33AA0001C7ACF /* PathFinderTests */,
				5C4F3C8929B8521E00A219AF /* Products */,
				C6813272633FD4BCCBC2163D /* Pods */,
				A8049A990D6B06FD73E75F4E /* Frameworks */,
			);
			sourceTree = "<group>";
		};
		5C4F3C8929B8521E00A219AF /* Products */ = {
			isa = PBXGroup;
			children = (
				5C4F3C8829B8521E00A219AF /* PathFinder.app */,
				5CEA288A29D33AA0001C7ACF /* PathFinderTests.xctest */,
			);
			name = Products;
			sourceTree = "<group>";
		};
		5C4F3C8A29B8521E00A219AF /* Sources */ = {
			isa = PBXGroup;
			children = (
				5C4F3C8B29B8521E00A219AF /* AppDelegate.swift */,
				5C4F3C8D29B8521E00A219AF /* SceneDelegate.swift */,
				5C4F3C8F29B8521E00A219AF /* SplashViewController.swift */,
				5C4F3C9129B8521E00A219AF /* Main.storyboard */,
				5C4F3C9429B8521F00A219AF /* Assets.xcassets */,
				5C4F3C9929B8521F00A219AF /* Info.plist */,
				5C4F3CA729B99B4900A219AF /* LaunchScreen.storyboard */,
				5C4F3CA929BAD6FE00A219AF /* MainViewController.swift */,
				5CD3551C29C1514400419724 /* ViewSetting.swift */,
				5C64364029C434260008C56F /* SearchViewController.swift */,
				5CEA287929D26EF0001C7ACF /* SearchResult.swift */,
				5CEA287B29D2796C001C7ACF /* TMapAPI.swift */,
				5CD268C429D3D9CB009063FE /* SearchResultCell.xib */,
				5CD268C629D42383009063FE /* SearchResultCell.swift */,
			);
			path = Sources;
			sourceTree = "<group>";
		};
		5C4F3C9F29B8522F00A219AF /* Resources */ = {
			isa = PBXGroup;
			children = (
				5C4F3CA129B96B2200A219AF /* splash-image.json */,
			);
			path = Resources;
			sourceTree = "<group>";
		};
		5C4F3CA029B8523600A219AF /* Tests */ = {
			isa = PBXGroup;
			children = (
			);
			path = Tests;
			sourceTree = "<group>";
		};
		5CEA288B29D33AA0001C7ACF /* PathFinderTests */ = {
			isa = PBXGroup;
			children = (
				5CD268CC29D45D48009063FE /* TMapAPITests.swift */,
				5CEA288C29D33AA0001C7ACF /* PathFinderTests.swift */,
			);
			path = PathFinderTests;
			sourceTree = "<group>";
		};
		A8049A990D6B06FD73E75F4E /* Frameworks */ = {
			isa = PBXGroup;
			children = (
				5CD268B829D33BB8009063FE /* Pods_PathFinder.framework */,
			);
			name = Frameworks;
			sourceTree = "<group>";
		};
		C6813272633FD4BCCBC2163D /* Pods */ = {
			isa = PBXGroup;
			children = (
				0CCB4AA460E8C9A9E0CBEFDD /* Pods-PathFinder.debug.xcconfig */,
				2D98993B984441149F650E81 /* Pods-PathFinder.release.xcconfig */,
			);
			path = Pods;
			sourceTree = "<group>";
		};
/* End PBXGroup section */

/* Begin PBXNativeTarget section */
		5C4F3C8729B8521E00A219AF /* PathFinder */ = {
			isa = PBXNativeTarget;
			buildConfigurationList = 5C4F3C9C29B8521F00A219AF /* Build configuration list for PBXNativeTarget "PathFinder" */;
			buildPhases = (
				05D5A4CA6F9110729F0E64B9 /* [CP] Check Pods Manifest.lock */,
				5C4F3C8429B8521E00A219AF /* Sources */,
				5C4F3C8529B8521E00A219AF /* Frameworks */,
				5C4F3C8629B8521E00A219AF /* Resources */,
				ABBB7697BF15041962512C06 /* [CP] Embed Pods Frameworks */,
				5CD3551329C0391100419724 /* Embed Frameworks */,
			);
			buildRules = (
			);
			dependencies = (
			);
			name = PathFinder;
			packageProductDependencies = (
				5CEA287E29D27B51001C7ACF /* Alamofire */,
			);
			productName = PathFinder;
			productReference = 5C4F3C8829B8521E00A219AF /* PathFinder.app */;
			productType = "com.apple.product-type.application";
		};
		5CEA288929D33AA0001C7ACF /* PathFinderTests */ = {
			isa = PBXNativeTarget;
			buildConfigurationList = 5CEA289029D33AA0001C7ACF /* Build configuration list for PBXNativeTarget "PathFinderTests" */;
			buildPhases = (
				5CEA288629D33AA0001C7ACF /* Sources */,
				5CEA288729D33AA0001C7ACF /* Frameworks */,
				5CEA288829D33AA0001C7ACF /* Resources */,
			);
			buildRules = (
			);
			dependencies = (
				5CEA288F29D33AA0001C7ACF /* PBXTargetDependency */,
			);
			name = PathFinderTests;
			productName = PathFinderTests;
			productReference = 5CEA288A29D33AA0001C7ACF /* PathFinderTests.xctest */;
			productType = "com.apple.product-type.bundle.unit-test";
		};
/* End PBXNativeTarget section */

/* Begin PBXProject section */
		5C4F3C8029B8521E00A219AF /* Project object */ = {
			isa = PBXProject;
			attributes = {
				BuildIndependentTargetsInParallel = 1;
				LastSwiftUpdateCheck = 1420;
				LastUpgradeCheck = 1420;
				TargetAttributes = {
					5C4F3C8729B8521E00A219AF = {
						CreatedOnToolsVersion = 14.2;
					};
					5CEA288929D33AA0001C7ACF = {
						CreatedOnToolsVersion = 14.2;
						TestTargetID = 5C4F3C8729B8521E00A219AF;
					};
				};
			};
			buildConfigurationList = 5C4F3C8329B8521E00A219AF /* Build configuration list for PBXProject "PathFinder" */;
			compatibilityVersion = "Xcode 14.0";
			developmentRegion = en;
			hasScannedForEncodings = 0;
			knownRegions = (
				en,
				Base,
			);
			mainGroup = 5C4F3C7F29B8521E00A219AF;
			packageReferences = (
				5CEA287D29D27B51001C7ACF /* XCRemoteSwiftPackageReference "Alamofire" */,
			);
			productRefGroup = 5C4F3C8929B8521E00A219AF /* Products */;
			projectDirPath = "";
			projectRoot = "";
			targets = (
				5C4F3C8729B8521E00A219AF /* PathFinder */,
				5CEA288929D33AA0001C7ACF /* PathFinderTests */,
			);
		};
/* End PBXProject section */

/* Begin PBXResourcesBuildPhase section */
		5C4F3C8629B8521E00A219AF /* Resources */ = {
			isa = PBXResourcesBuildPhase;
			buildActionMask = 2147483647;
			files = (
				5C4F3CA229B96B2200A219AF /* splash-image.json in Resources */,
				5CD268C529D3D9CB009063FE /* SearchResultCell.xib in Resources */,
				5C4F3C9529B8521F00A219AF /* Assets.xcassets in Resources */,
				5C4F3CA829B99B4900A219AF /* LaunchScreen.storyboard in Resources */,
				5C4F3C9329B8521E00A219AF /* Main.storyboard in Resources */,
			);
			runOnlyForDeploymentPostprocessing = 0;
		};
		5CEA288829D33AA0001C7ACF /* Resources */ = {
			isa = PBXResourcesBuildPhase;
			buildActionMask = 2147483647;
			files = (
			);
			runOnlyForDeploymentPostprocessing = 0;
		};
/* End PBXResourcesBuildPhase section */

/* Begin PBXShellScriptBuildPhase section */
		05D5A4CA6F9110729F0E64B9 /* [CP] Check Pods Manifest.lock */ = {
			isa = PBXShellScriptBuildPhase;
			buildActionMask = 2147483647;
			files = (
			);
			inputFileListPaths = (
			);
			inputPaths = (
				"${PODS_PODFILE_DIR_PATH}/Podfile.lock",
				"${PODS_ROOT}/Manifest.lock",
			);
			name = "[CP] Check Pods Manifest.lock";
			outputFileListPaths = (
			);
			outputPaths = (
				"$(DERIVED_FILE_DIR)/Pods-PathFinder-checkManifestLockResult.txt",
			);
			runOnlyForDeploymentPostprocessing = 0;
			shellPath = /bin/sh;
			shellScript = "diff \"${PODS_PODFILE_DIR_PATH}/Podfile.lock\" \"${PODS_ROOT}/Manifest.lock\" > /dev/null\nif [ $? != 0 ] ; then\n    # print error to STDERR\n    echo \"error: The sandbox is not in sync with the Podfile.lock. Run 'pod install' or update your CocoaPods installation.\" >&2\n    exit 1\nfi\n# This output is used by Xcode 'outputs' to avoid re-running this script phase.\necho \"SUCCESS\" > \"${SCRIPT_OUTPUT_FILE_0}\"\n";
			showEnvVarsInLog = 0;
		};
		ABBB7697BF15041962512C06 /* [CP] Embed Pods Frameworks */ = {
			isa = PBXShellScriptBuildPhase;
			buildActionMask = 2147483647;
			files = (
			);
			inputFileListPaths = (
				"${PODS_ROOT}/Target Support Files/Pods-PathFinder/Pods-PathFinder-frameworks-${CONFIGURATION}-input-files.xcfilelist",
			);
			name = "[CP] Embed Pods Frameworks";
			outputFileListPaths = (
				"${PODS_ROOT}/Target Support Files/Pods-PathFinder/Pods-PathFinder-frameworks-${CONFIGURATION}-output-files.xcfilelist",
			);
			runOnlyForDeploymentPostprocessing = 0;
			shellPath = /bin/sh;
			shellScript = "\"${PODS_ROOT}/Target Support Files/Pods-PathFinder/Pods-PathFinder-frameworks.sh\"\n";
			showEnvVarsInLog = 0;
		};
/* End PBXShellScriptBuildPhase section */

/* Begin PBXSourcesBuildPhase section */
		5C4F3C8429B8521E00A219AF /* Sources */ = {
			isa = PBXSourcesBuildPhase;
			buildActionMask = 2147483647;
			files = (
				5C4F3C9029B8521E00A219AF /* SplashViewController.swift in Sources */,
				5C64364129C434260008C56F /* SearchViewController.swift in Sources */,
				5C4F3C8C29B8521E00A219AF /* AppDelegate.swift in Sources */,
				5CEA287C29D2796C001C7ACF /* TMapAPI.swift in Sources */,
				5CEA287A29D26EF0001C7ACF /* SearchResult.swift in Sources */,
				5CD3551D29C1514400419724 /* ViewSetting.swift in Sources */,
				5C4F3C8E29B8521E00A219AF /* SceneDelegate.swift in Sources */,
				5CD268C729D42383009063FE /* SearchResultCell.swift in Sources */,
				5C4F3CAA29BAD6FE00A219AF /* MainViewController.swift in Sources */,
			);
			runOnlyForDeploymentPostprocessing = 0;
		};
		5CEA288629D33AA0001C7ACF /* Sources */ = {
			isa = PBXSourcesBuildPhase;
			buildActionMask = 2147483647;
			files = (
				5CD268BB29D33C74009063FE /* ViewTest.swift in Sources */,
				5CD268BF29D3C568009063FE /* LocationTest.swift in Sources */,
				5CD268C129D3CCA5009063FE /* TableViewDataSourceTests.swift in Sources */,
				5CEA288D29D33AA0001C7ACF /* PathFinderTests.swift in Sources */,
				5CD268CD29D45D48009063FE /* TMapAPITests.swift in Sources */,
			);
			runOnlyForDeploymentPostprocessing = 0;
		};
/* End PBXSourcesBuildPhase section */

/* Begin PBXTargetDependency section */
		5CEA288F29D33AA0001C7ACF /* PBXTargetDependency */ = {
			isa = PBXTargetDependency;
			target = 5C4F3C8729B8521E00A219AF /* PathFinder */;
			targetProxy = 5CEA288E29D33AA0001C7ACF /* PBXContainerItemProxy */;
		};
/* End PBXTargetDependency section */

/* Begin PBXVariantGroup section */
		5C4F3C9129B8521E00A219AF /* Main.storyboard */ = {
			isa = PBXVariantGroup;
			children = (
				5C4F3C9229B8521E00A219AF /* Base */,
			);
			name = Main.storyboard;
			sourceTree = "<group>";
		};
/* End PBXVariantGroup section */

/* Begin XCBuildConfiguration section */
		5C4F3C9A29B8521F00A219AF /* Debug */ = {
			isa = XCBuildConfiguration;
			buildSettings = {
				ALWAYS_SEARCH_USER_PATHS = NO;
				CLANG_ANALYZER_NONNULL = YES;
				CLANG_ANALYZER_NUMBER_OBJECT_CONVERSION = YES_AGGRESSIVE;
				CLANG_CXX_LANGUAGE_STANDARD = "gnu++20";
				CLANG_ENABLE_MODULES = YES;
				CLANG_ENABLE_OBJC_ARC = YES;
				CLANG_ENABLE_OBJC_WEAK = YES;
				CLANG_WARN_BLOCK_CAPTURE_AUTORELEASING = YES;
				CLANG_WARN_BOOL_CONVERSION = YES;
				CLANG_WARN_COMMA = YES;
				CLANG_WARN_CONSTANT_CONVERSION = YES;
				CLANG_WARN_DEPRECATED_OBJC_IMPLEMENTATIONS = YES;
				CLANG_WARN_DIRECT_OBJC_ISA_USAGE = YES_ERROR;
				CLANG_WARN_DOCUMENTATION_COMMENTS = YES;
				CLANG_WARN_EMPTY_BODY = YES;
				CLANG_WARN_ENUM_CONVERSION = YES;
				CLANG_WARN_INFINITE_RECURSION = YES;
				CLANG_WARN_INT_CONVERSION = YES;
				CLANG_WARN_NON_LITERAL_NULL_CONVERSION = YES;
				CLANG_WARN_OBJC_IMPLICIT_RETAIN_SELF = YES;
				CLANG_WARN_OBJC_LITERAL_CONVERSION = YES;
				CLANG_WARN_OBJC_ROOT_CLASS = YES_ERROR;
				CLANG_WARN_QUOTED_INCLUDE_IN_FRAMEWORK_HEADER = YES;
				CLANG_WARN_RANGE_LOOP_ANALYSIS = YES;
				CLANG_WARN_STRICT_PROTOTYPES = YES;
				CLANG_WARN_SUSPICIOUS_MOVE = YES;
				CLANG_WARN_UNGUARDED_AVAILABILITY = YES_AGGRESSIVE;
				CLANG_WARN_UNREACHABLE_CODE = YES;
				CLANG_WARN__DUPLICATE_METHOD_MATCH = YES;
				COPY_PHASE_STRIP = NO;
				DEBUG_INFORMATION_FORMAT = dwarf;
				ENABLE_STRICT_OBJC_MSGSEND = YES;
				ENABLE_TESTABILITY = YES;
				GCC_C_LANGUAGE_STANDARD = gnu11;
				GCC_DYNAMIC_NO_PIC = NO;
				GCC_NO_COMMON_BLOCKS = YES;
				GCC_OPTIMIZATION_LEVEL = 0;
				GCC_PREPROCESSOR_DEFINITIONS = (
					"DEBUG=1",
					"$(inherited)",
				);
				GCC_WARN_64_TO_32_BIT_CONVERSION = YES;
				GCC_WARN_ABOUT_RETURN_TYPE = YES_ERROR;
				GCC_WARN_UNDECLARED_SELECTOR = YES;
				GCC_WARN_UNINITIALIZED_AUTOS = YES_AGGRESSIVE;
				GCC_WARN_UNUSED_FUNCTION = YES;
				GCC_WARN_UNUSED_VARIABLE = YES;
				IPHONEOS_DEPLOYMENT_TARGET = 13.0;
				MTL_ENABLE_DEBUG_INFO = INCLUDE_SOURCE;
				MTL_FAST_MATH = YES;
				ONLY_ACTIVE_ARCH = YES;
				SDKROOT = iphoneos;
				SWIFT_ACTIVE_COMPILATION_CONDITIONS = DEBUG;
				SWIFT_OPTIMIZATION_LEVEL = "-Onone";
			};
			name = Debug;
		};
		5C4F3C9B29B8521F00A219AF /* Release */ = {
			isa = XCBuildConfiguration;
			buildSettings = {
				ALWAYS_SEARCH_USER_PATHS = NO;
				CLANG_ANALYZER_NONNULL = YES;
				CLANG_ANALYZER_NUMBER_OBJECT_CONVERSION = YES_AGGRESSIVE;
				CLANG_CXX_LANGUAGE_STANDARD = "gnu++20";
				CLANG_ENABLE_MODULES = YES;
				CLANG_ENABLE_OBJC_ARC = YES;
				CLANG_ENABLE_OBJC_WEAK = YES;
				CLANG_WARN_BLOCK_CAPTURE_AUTORELEASING = YES;
				CLANG_WARN_BOOL_CONVERSION = YES;
				CLANG_WARN_COMMA = YES;
				CLANG_WARN_CONSTANT_CONVERSION = YES;
				CLANG_WARN_DEPRECATED_OBJC_IMPLEMENTATIONS = YES;
				CLANG_WARN_DIRECT_OBJC_ISA_USAGE = YES_ERROR;
				CLANG_WARN_DOCUMENTATION_COMMENTS = YES;
				CLANG_WARN_EMPTY_BODY = YES;
				CLANG_WARN_ENUM_CONVERSION = YES;
				CLANG_WARN_INFINITE_RECURSION = YES;
				CLANG_WARN_INT_CONVERSION = YES;
				CLANG_WARN_NON_LITERAL_NULL_CONVERSION = YES;
				CLANG_WARN_OBJC_IMPLICIT_RETAIN_SELF = YES;
				CLANG_WARN_OBJC_LITERAL_CONVERSION = YES;
				CLANG_WARN_OBJC_ROOT_CLASS = YES_ERROR;
				CLANG_WARN_QUOTED_INCLUDE_IN_FRAMEWORK_HEADER = YES;
				CLANG_WARN_RANGE_LOOP_ANALYSIS = YES;
				CLANG_WARN_STRICT_PROTOTYPES = YES;
				CLANG_WARN_SUSPICIOUS_MOVE = YES;
				CLANG_WARN_UNGUARDED_AVAILABILITY = YES_AGGRESSIVE;
				CLANG_WARN_UNREACHABLE_CODE = YES;
				CLANG_WARN__DUPLICATE_METHOD_MATCH = YES;
				COPY_PHASE_STRIP = NO;
				DEBUG_INFORMATION_FORMAT = "dwarf-with-dsym";
				ENABLE_NS_ASSERTIONS = NO;
				ENABLE_STRICT_OBJC_MSGSEND = YES;
				GCC_C_LANGUAGE_STANDARD = gnu11;
				GCC_NO_COMMON_BLOCKS = YES;
				GCC_WARN_64_TO_32_BIT_CONVERSION = YES;
				GCC_WARN_ABOUT_RETURN_TYPE = YES_ERROR;
				GCC_WARN_UNDECLARED_SELECTOR = YES;
				GCC_WARN_UNINITIALIZED_AUTOS = YES_AGGRESSIVE;
				GCC_WARN_UNUSED_FUNCTION = YES;
				GCC_WARN_UNUSED_VARIABLE = YES;
				IPHONEOS_DEPLOYMENT_TARGET = 13.0;
				MTL_ENABLE_DEBUG_INFO = NO;
				MTL_FAST_MATH = YES;
				SDKROOT = iphoneos;
				SWIFT_COMPILATION_MODE = wholemodule;
				SWIFT_OPTIMIZATION_LEVEL = "-O";
				VALIDATE_PRODUCT = YES;
			};
			name = Release;
		};
		5C4F3C9D29B8521F00A219AF /* Debug */ = {
			isa = XCBuildConfiguration;
			baseConfigurationReference = 0CCB4AA460E8C9A9E0CBEFDD /* Pods-PathFinder.debug.xcconfig */;
			buildSettings = {
				ASSETCATALOG_COMPILER_APPICON_NAME = AppIcon;
				ASSETCATALOG_COMPILER_GLOBAL_ACCENT_COLOR_NAME = AccentColor;
				CODE_SIGN_STYLE = Automatic;
				CURRENT_PROJECT_VERSION = 1;
				DEVELOPMENT_TEAM = XRWYG766B9;
				ENABLE_TESTING_SEARCH_PATHS = YES;
				EXCLUDED_ARCHS = "";
				FRAMEWORK_SEARCH_PATHS = (
					"$(inherited)",
					"\"${PODS_CONFIGURATION_BUILD_DIR}/lottie-ios\"",
					"\"$(PROJECT_DIR)/Frameworks/TMapSDK\"",
					"$(PROJECT_DIR)",
					"\"(PROJECT_DIR)/Applications/Xcode.app/Contents/Developer/Platforms/iPhoneOS.platform/Developer/Library/Frameworks/XCTest\"",
				);
				GENERATE_INFOPLIST_FILE = YES;
				INFOPLIST_FILE = Sources/Info.plist;
				INFOPLIST_KEY_NSLocationAlwaysAndWhenInUseUsageDescription = "사용자의 위치를 받습니다.";
				INFOPLIST_KEY_NSLocationAlwaysUsageDescription = "사용자의 위치를 받습니다.";
				INFOPLIST_KEY_NSLocationWhenInUseUsageDescription = "사용자의 위치를 받습니다.";
				INFOPLIST_KEY_UIApplicationSupportsIndirectInputEvents = YES;
				INFOPLIST_KEY_UILaunchStoryboardName = LaunchScreen.storyboard;
				INFOPLIST_KEY_UIMainStoryboardFile = Main;
				INFOPLIST_KEY_UISupportedInterfaceOrientations = UIInterfaceOrientationPortrait;
				INFOPLIST_KEY_UISupportedInterfaceOrientations_iPad = "UIInterfaceOrientationLandscapeLeft UIInterfaceOrientationLandscapeRight UIInterfaceOrientationPortrait UIInterfaceOrientationPortraitUpsideDown";
				INFOPLIST_KEY_UIUserInterfaceStyle = Light;
				IPHONEOS_DEPLOYMENT_TARGET = 13.0;
				LD_RUNPATH_SEARCH_PATHS = (
					"$(inherited)",
					"@executable_path/Frameworks",
				);
				MARKETING_VERSION = 1.0;
				ONLY_ACTIVE_ARCH = YES;
				OTHER_LDFLAGS = (
					"$(inherited)",
					"-framework",
					"\"CoreGraphics\"",
					"-framework",
					"\"Lottie\"",
					"-framework",
					"\"QuartzCore\"",
					"-framework",
					"\"UIKit\"",
				);
				PRODUCT_BUNDLE_IDENTIFIER = kr.co.se.PathFinder;
				PRODUCT_NAME = "$(TARGET_NAME)";
				SUPPORTED_PLATFORMS = "iphoneos iphonesimulator";
				SUPPORTS_MACCATALYST = NO;
				SUPPORTS_MAC_DESIGNED_FOR_IPHONE_IPAD = YES;
				SWIFT_EMIT_LOC_STRINGS = YES;
				SWIFT_VERSION = 5.0;
				TARGETED_DEVICE_FAMILY = 1;
			};
			name = Debug;
		};
		5C4F3C9E29B8521F00A219AF /* Release */ = {
			isa = XCBuildConfiguration;
			baseConfigurationReference = 2D98993B984441149F650E81 /* Pods-PathFinder.release.xcconfig */;
			buildSettings = {
				ASSETCATALOG_COMPILER_APPICON_NAME = AppIcon;
				ASSETCATALOG_COMPILER_GLOBAL_ACCENT_COLOR_NAME = AccentColor;
				CODE_SIGN_STYLE = Automatic;
				CURRENT_PROJECT_VERSION = 1;
				DEVELOPMENT_TEAM = XRWYG766B9;
				ENABLE_TESTING_SEARCH_PATHS = YES;
				EXCLUDED_ARCHS = "";
				FRAMEWORK_SEARCH_PATHS = (
					"$(inherited)",
					"\"${PODS_CONFIGURATION_BUILD_DIR}/lottie-ios\"",
					"\"$(PROJECT_DIR)/Frameworks\"",
					"$(PROJECT_DIR)",
					"\"(PROJECT_DIR)/Applications/Xcode.app/Contents/Developer/Platforms/iPhoneOS.platform/Developer/Library/Frameworks/XCTest\"",
				);
				GENERATE_INFOPLIST_FILE = YES;
				INFOPLIST_FILE = Sources/Info.plist;
				INFOPLIST_KEY_NSLocationAlwaysAndWhenInUseUsageDescription = "사용자의 위치를 받습니다.";
				INFOPLIST_KEY_NSLocationAlwaysUsageDescription = "사용자의 위치를 받습니다.";
				INFOPLIST_KEY_NSLocationWhenInUseUsageDescription = "사용자의 위치를 받습니다.";
				INFOPLIST_KEY_UIApplicationSupportsIndirectInputEvents = YES;
				INFOPLIST_KEY_UILaunchStoryboardName = LaunchScreen.storyboard;
				INFOPLIST_KEY_UIMainStoryboardFile = Main;
				INFOPLIST_KEY_UISupportedInterfaceOrientations = UIInterfaceOrientationPortrait;
				INFOPLIST_KEY_UISupportedInterfaceOrientations_iPad = "UIInterfaceOrientationLandscapeLeft UIInterfaceOrientationLandscapeRight UIInterfaceOrientationPortrait UIInterfaceOrientationPortraitUpsideDown";
				INFOPLIST_KEY_UIUserInterfaceStyle = Light;
				IPHONEOS_DEPLOYMENT_TARGET = 13.0;
				LD_RUNPATH_SEARCH_PATHS = (
					"$(inherited)",
					"@executable_path/Frameworks",
				);
				MARKETING_VERSION = 1.0;
				ONLY_ACTIVE_ARCH = NO;
				OTHER_LDFLAGS = (
					"$(inherited)",
					"-framework",
					"\"CoreGraphics\"",
					"-framework",
					"\"Lottie\"",
					"-framework",
					"\"QuartzCore\"",
					"-framework",
					"\"UIKit\"",
				);
				PRODUCT_BUNDLE_IDENTIFIER = kr.co.se.PathFinder;
				PRODUCT_NAME = "$(TARGET_NAME)";
				SUPPORTED_PLATFORMS = "iphoneos iphonesimulator";
				SUPPORTS_MACCATALYST = NO;
				SUPPORTS_MAC_DESIGNED_FOR_IPHONE_IPAD = YES;
				SWIFT_EMIT_LOC_STRINGS = YES;
				SWIFT_VERSION = 5.0;
				TARGETED_DEVICE_FAMILY = 1;
			};
			name = Release;
		};
		5CEA289129D33AA0001C7ACF /* Debug */ = {
			isa = XCBuildConfiguration;
			buildSettings = {
				BUNDLE_LOADER = "$(TEST_HOST)";
				CODE_SIGN_STYLE = Automatic;
				CURRENT_PROJECT_VERSION = 1;
				DEVELOPMENT_TEAM = XRWYG766B9;
				GENERATE_INFOPLIST_FILE = YES;
				IPHONEOS_DEPLOYMENT_TARGET = 16.2;
				MACOSX_DEPLOYMENT_TARGET = 12.6;
				MARKETING_VERSION = 1.0;
				PRODUCT_BUNDLE_IDENTIFIER = kr.co.se.PathFinderTests;
				PRODUCT_NAME = "$(TARGET_NAME)";
				SDKROOT = auto;
				SUPPORTED_PLATFORMS = "iphoneos iphonesimulator macosx";
				SWIFT_EMIT_LOC_STRINGS = NO;
				SWIFT_VERSION = 5.0;
				TARGETED_DEVICE_FAMILY = "1,2";
				TEST_HOST = "$(BUILT_PRODUCTS_DIR)/PathFinder.app/$(BUNDLE_EXECUTABLE_FOLDER_PATH)/PathFinder";
			};
			name = Debug;
		};
		5CEA289229D33AA0001C7ACF /* Release */ = {
			isa = XCBuildConfiguration;
			buildSettings = {
				BUNDLE_LOADER = "$(TEST_HOST)";
				CODE_SIGN_STYLE = Automatic;
				CURRENT_PROJECT_VERSION = 1;
				DEVELOPMENT_TEAM = XRWYG766B9;
				GENERATE_INFOPLIST_FILE = YES;
				IPHONEOS_DEPLOYMENT_TARGET = 16.2;
				MACOSX_DEPLOYMENT_TARGET = 12.6;
				MARKETING_VERSION = 1.0;
				PRODUCT_BUNDLE_IDENTIFIER = kr.co.se.PathFinderTests;
				PRODUCT_NAME = "$(TARGET_NAME)";
				SDKROOT = auto;
				SUPPORTED_PLATFORMS = "iphoneos iphonesimulator macosx";
				SWIFT_EMIT_LOC_STRINGS = NO;
				SWIFT_VERSION = 5.0;
				TARGETED_DEVICE_FAMILY = "1,2";
				TEST_HOST = "$(BUILT_PRODUCTS_DIR)/PathFinder.app/$(BUNDLE_EXECUTABLE_FOLDER_PATH)/PathFinder";
			};
			name = Release;
		};
/* End XCBuildConfiguration section */

/* Begin XCConfigurationList section */
		5C4F3C8329B8521E00A219AF /* Build configuration list for PBXProject "PathFinder" */ = {
			isa = XCConfigurationList;
			buildConfigurations = (
				5C4F3C9A29B8521F00A219AF /* Debug */,
				5C4F3C9B29B8521F00A219AF /* Release */,
			);
			defaultConfigurationIsVisible = 0;
			defaultConfigurationName = Release;
		};
		5C4F3C9C29B8521F00A219AF /* Build configuration list for PBXNativeTarget "PathFinder" */ = {
			isa = XCConfigurationList;
			buildConfigurations = (
				5C4F3C9D29B8521F00A219AF /* Debug */,
				5C4F3C9E29B8521F00A219AF /* Release */,
			);
			defaultConfigurationIsVisible = 0;
			defaultConfigurationName = Release;
		};
		5CEA289029D33AA0001C7ACF /* Build configuration list for PBXNativeTarget "PathFinderTests" */ = {
			isa = XCConfigurationList;
			buildConfigurations = (
				5CEA289129D33AA0001C7ACF /* Debug */,
				5CEA289229D33AA0001C7ACF /* Release */,
			);
			defaultConfigurationIsVisible = 0;
			defaultConfigurationName = Release;
		};
/* End XCConfigurationList section */

/* Begin XCRemoteSwiftPackageReference section */
		5CEA287D29D27B51001C7ACF /* XCRemoteSwiftPackageReference "Alamofire" */ = {
			isa = XCRemoteSwiftPackageReference;
			repositoryURL = "https://github.com/Alamofire/Alamofire.git";
			requirement = {
				kind = upToNextMajorVersion;
				minimumVersion = 5.0.0;
			};
		};
/* End XCRemoteSwiftPackageReference section */

/* Begin XCSwiftPackageProductDependency section */
		5CEA287E29D27B51001C7ACF /* Alamofire */ = {
			isa = XCSwiftPackageProductDependency;
			package = 5CEA287D29D27B51001C7ACF /* XCRemoteSwiftPackageReference "Alamofire" */;
			productName = Alamofire;
		};
/* End XCSwiftPackageProductDependency section */
	};
	rootObject = 5C4F3C8029B8521E00A219AF /* Project object */;
}
